
Microsoft Visual Studio Solution File, Format Version 12.00
# Visual Studio Version 17
VisualStudioVersion = 17.0.32112.339
MinimumVisualStudioVersion = 10.0.40219.1
Project("{FAE04EC0-301F-11D3-BF4B-00C04F79EFBC}") = "Nuevoo", "Nuevoo.csproj", "{B9C26296-93A2-45B5-8263-6F7333F928E5}"
EndProject
Global
	GlobalSection(SolutionConfigurationPlatforms) = preSolution
		Debug|Any CPU = Debug|Any CPU
		Release|Any CPU = Release|Any CPU
	EndGlobalSection
	GlobalSection(ProjectConfigurationPlatforms) = postSolution
		{B9C26296-93A2-45B5-8263-6F7333F928E5}.Debug|Any CPU.ActiveCfg = Debug|Any CPU
		{B9C26296-93A2-45B5-8263-6F7333F928E5}.Debug|Any CPU.Build.0 = Debug|Any CPU
		{B9C26296-93A2-45B5-8263-6F7333F928E5}.Release|Any CPU.ActiveCfg = Release|Any CPU
		{B9C26296-93A2-45B5-8263-6F7333F928E5}.Release|Any CPU.Build.0 = Release|Any CPU
	EndGlobalSection
	GlobalSection(SolutionProperties) = preSolution
		HideSolutionNode = FALSE
	EndGlobalSection
	GlobalSection(ExtensibilityGlobals) = postSolution
		SolutionGuid = {4F20FFE2-8DB3-4B35-934A-83D2322B7405}
	EndGlobalSection
EndGlobal
